
Microsoft Visual Studio Solution File, Format Version 12.00
# Visual Studio Version 16
VisualStudioVersion = 16.0.33927.289
MinimumVisualStudioVersion = 10.0.40219.1
Project("{FAE04EC0-301F-11D3-BF4B-00C04F79EFBC}") = "Web Development With C-Sharp", "Web Development With C-Sharp\Web Development With C-Sharp.csproj", "{07063641-5F29-4025-A711-6D3A18755444}"
EndProject
Project("{FAE04EC0-301F-11D3-BF4B-00C04F79EFBC}") = "Switch Case Statement", "Switch Case Statement\Switch Case Statement.csproj", "{E270EE68-A625-4C3C-8651-6F64B1CA0D6E}"
EndProject
Project("{FAE04EC0-301F-11D3-BF4B-00C04F79EFBC}") = "While, Do While", "While, Do While\While, Do While.csproj", "{83ED5B11-1D94-476F-909C-C5D9CFAB0393}"
EndProject
Project("{FAE04EC0-301F-11D3-BF4B-00C04F79EFBC}") = "For Loop", "For Loop\For Loop.csproj", "{1C070168-4FC9-4716-9C7A-9F8DF9915E3F}"
EndProject
Project("{FAE04EC0-301F-11D3-BF4B-00C04F79EFBC}") = "Jump Statement", "Jump Statement\Jump Statement.csproj", "{5CBF4020-776C-4213-8864-5F84AB140908}"
EndProject
Project("{FAE04EC0-301F-11D3-BF4B-00C04F79EFBC}") = "Counting Numbers Project2", "Counting Numbers Project2\Counting Numbers Project2.csproj", "{77A0A638-AF55-4098-88EC-A048E4466404}"
EndProject
Project("{FAE04EC0-301F-11D3-BF4B-00C04F79EFBC}") = "Arrays", "Arrays\Arrays.csproj", "{73F19B90-0FD8-4AAB-B1C9-1AD4D54A54C4}"
EndProject
Project("{FAE04EC0-301F-11D3-BF4B-00C04F79EFBC}") = "Methods", "Methods\Methods.csproj", "{C798BF52-2D58-4877-824D-33F0C6663BE3}"
EndProject
Project("{2150E333-8FDC-42A3-9474-1A3956D46DE8}") = "Classes", "Classes", "{D580A81A-4C26-436D-8D88-6C3BA8E04EAC}"
	ProjectSection(SolutionItems) = preProject
		Employee.cs = Employee.cs
	EndProjectSection
EndProject
Project("{FAE04EC0-301F-11D3-BF4B-00C04F79EFBC}") = "Class and Object", "Class and Object\Class and Object.csproj", "{2253BC3A-C1D3-4730-B84E-C950E4B63343}"
EndProject
Project("{FAE04EC0-301F-11D3-BF4B-00C04F79EFBC}") = "Using List Class", "Using List Class\Using List Class.csproj", "{235F7202-09A4-4F02-A7E3-FE5D559EC4E6}"
EndProject
Project("{FAE04EC0-301F-11D3-BF4B-00C04F79EFBC}") = "List Class", "List Class\List Class.csproj", "{518F8424-694C-4FDE-9D6B-B3797A5F8F93}"
EndProject
Project("{FAE04EC0-301F-11D3-BF4B-00C04F79EFBC}") = "Using Random Class", "Using Random Class\Using Random Class.csproj", "{EAC7EAEA-889E-4BFD-843C-824C2F6D1C1D}"
EndProject
Project("{FAE04EC0-301F-11D3-BF4B-00C04F79EFBC}") = "Using Timer Class", "Using Timer Class\Using Timer Class.csproj", "{83070493-F4F8-4C58-B8FF-F6A74F9AF3CE}"
EndProject
Project("{FAE04EC0-301F-11D3-BF4B-00C04F79EFBC}") = "Maths_Class", "Maths_Class\Maths_Class.csproj", "{D66069EA-C163-4F50-A0F5-3050329028DF}"
EndProject
Project("{FAE04EC0-301F-11D3-BF4B-00C04F79EFBC}") = "Encapsulation", "Encapsulation\Encapsulation.csproj", "{225CDC25-D02F-4749-BF8E-76E2EAA86618}"
EndProject
Project("{2150E333-8FDC-42A3-9474-1A3956D46DE8}") = "ObjectOrientedProgramming", "ObjectOrientedProgramming", "{60FDFF94-D62E-4F25-B92A-B259D83F41D1}"
EndProject
Project("{FAE04EC0-301F-11D3-BF4B-00C04F79EFBC}") = "Using Static", "Using Static\Using Static.csproj", "{364D41AE-D488-4198-9053-D40EAE17F032}"
EndProject
Project("{FAE04EC0-301F-11D3-BF4B-00C04F79EFBC}") = "Inheritance", "Inheritance\Inheritance.csproj", "{53C1B8D4-D0CA-4A43-8F58-98B0E44A5534}"
EndProject
Project("{FAE04EC0-301F-11D3-BF4B-00C04F79EFBC}") = "Interface", "Interface\Interface.csproj", "{CAD3E93C-D061-48F8-AC2C-6E82EE5AE344}"
EndProject
Project("{FAE04EC0-301F-11D3-BF4B-00C04F79EFBC}") = "Polymorphism", "Polymorphism\Polymorphism.csproj", "{DE4AF4F5-F9DB-46E2-B52B-5C254D2BC995}"
EndProject
Project("{FAE04EC0-301F-11D3-BF4B-00C04F79EFBC}") = "Abstract_Class", "Abstract_Class\Abstract_Class.csproj", "{C0CAD5FD-EBE2-4C36-BF81-8DE158D7A84B}"
EndProject
Project("{FAE04EC0-301F-11D3-BF4B-00C04F79EFBC}") = "Partial ve Sealed Class", "Partial ve Sealed Class\Partial ve Sealed Class.csproj", "{0510C428-4C64-48D3-B881-57373C3D9C17}"
EndProject
Project("{FAE04EC0-301F-11D3-BF4B-00C04F79EFBC}") = "Enum", "Enum\Enum.csproj", "{EEEDB54A-025E-41C8-8918-8265CCBE9A32}"
EndProject
Project("{FAE04EC0-301F-11D3-BF4B-00C04F79EFBC}") = "Delegates", "Delegates\Delegates.csproj", "{AE917B42-5FDD-45B6-991B-8FF55017BB5D}"
EndProject
Project("{FAE04EC0-301F-11D3-BF4B-00C04F79EFBC}") = "Exception Handling", "Exception Handling\Exception Handling.csproj", "{F6AE4DA0-7890-444E-BDF6-2B8FC8430D5D}"
EndProject
Project("{FAE04EC0-301F-11D3-BF4B-00C04F79EFBC}") = "DirectoryUsing", "DirectoryUsing\DirectoryUsing.csproj", "{83957428-375F-4F1F-B087-B6064F547825}"
EndProject
Project("{FAE04EC0-301F-11D3-BF4B-00C04F79EFBC}") = "FileandFileInfoClass", "FileandFileInfoClass\FileandFileInfoClass.csproj", "{7EE2A35F-157D-4657-BEB8-2EA6C7E42D3C}"
EndProject
Global
	GlobalSection(SolutionConfigurationPlatforms) = preSolution
		Debug|Any CPU = Debug|Any CPU
		Release|Any CPU = Release|Any CPU
	EndGlobalSection
	GlobalSection(ProjectConfigurationPlatforms) = postSolution
		{07063641-5F29-4025-A711-6D3A18755444}.Debug|Any CPU.ActiveCfg = Debug|Any CPU
		{07063641-5F29-4025-A711-6D3A18755444}.Debug|Any CPU.Build.0 = Debug|Any CPU
		{07063641-5F29-4025-A711-6D3A18755444}.Release|Any CPU.ActiveCfg = Release|Any CPU
		{07063641-5F29-4025-A711-6D3A18755444}.Release|Any CPU.Build.0 = Release|Any CPU
		{E270EE68-A625-4C3C-8651-6F64B1CA0D6E}.Debug|Any CPU.ActiveCfg = Debug|Any CPU
		{E270EE68-A625-4C3C-8651-6F64B1CA0D6E}.Debug|Any CPU.Build.0 = Debug|Any CPU
		{E270EE68-A625-4C3C-8651-6F64B1CA0D6E}.Release|Any CPU.ActiveCfg = Release|Any CPU
		{E270EE68-A625-4C3C-8651-6F64B1CA0D6E}.Release|Any CPU.Build.0 = Release|Any CPU
		{83ED5B11-1D94-476F-909C-C5D9CFAB0393}.Debug|Any CPU.ActiveCfg = Debug|Any CPU
		{83ED5B11-1D94-476F-909C-C5D9CFAB0393}.Debug|Any CPU.Build.0 = Debug|Any CPU
		{83ED5B11-1D94-476F-909C-C5D9CFAB0393}.Release|Any CPU.ActiveCfg = Release|Any CPU
		{83ED5B11-1D94-476F-909C-C5D9CFAB0393}.Release|Any CPU.Build.0 = Release|Any CPU
		{1C070168-4FC9-4716-9C7A-9F8DF9915E3F}.Debug|Any CPU.ActiveCfg = Debug|Any CPU
		{1C070168-4FC9-4716-9C7A-9F8DF9915E3F}.Debug|Any CPU.Build.0 = Debug|Any CPU
		{1C070168-4FC9-4716-9C7A-9F8DF9915E3F}.Release|Any CPU.ActiveCfg = Release|Any CPU
		{1C070168-4FC9-4716-9C7A-9F8DF9915E3F}.Release|Any CPU.Build.0 = Release|Any CPU
		{5CBF4020-776C-4213-8864-5F84AB140908}.Debug|Any CPU.ActiveCfg = Debug|Any CPU
		{5CBF4020-776C-4213-8864-5F84AB140908}.Debug|Any CPU.Build.0 = Debug|Any CPU
		{5CBF4020-776C-4213-8864-5F84AB140908}.Release|Any CPU.ActiveCfg = Release|Any CPU
		{5CBF4020-776C-4213-8864-5F84AB140908}.Release|Any CPU.Build.0 = Release|Any CPU
		{77A0A638-AF55-4098-88EC-A048E4466404}.Debug|Any CPU.ActiveCfg = Debug|Any CPU
		{77A0A638-AF55-4098-88EC-A048E4466404}.Debug|Any CPU.Build.0 = Debug|Any CPU
		{77A0A638-AF55-4098-88EC-A048E4466404}.Release|Any CPU.ActiveCfg = Release|Any CPU
		{77A0A638-AF55-4098-88EC-A048E4466404}.Release|Any CPU.Build.0 = Release|Any CPU
		{73F19B90-0FD8-4AAB-B1C9-1AD4D54A54C4}.Debug|Any CPU.ActiveCfg = Debug|Any CPU
		{73F19B90-0FD8-4AAB-B1C9-1AD4D54A54C4}.Debug|Any CPU.Build.0 = Debug|Any CPU
		{73F19B90-0FD8-4AAB-B1C9-1AD4D54A54C4}.Release|Any CPU.ActiveCfg = Release|Any CPU
		{73F19B90-0FD8-4AAB-B1C9-1AD4D54A54C4}.Release|Any CPU.Build.0 = Release|Any CPU
		{C798BF52-2D58-4877-824D-33F0C6663BE3}.Debug|Any CPU.ActiveCfg = Debug|Any CPU
		{C798BF52-2D58-4877-824D-33F0C6663BE3}.Debug|Any CPU.Build.0 = Debug|Any CPU
		{C798BF52-2D58-4877-824D-33F0C6663BE3}.Release|Any CPU.ActiveCfg = Release|Any CPU
		{C798BF52-2D58-4877-824D-33F0C6663BE3}.Release|Any CPU.Build.0 = Release|Any CPU
		{2253BC3A-C1D3-4730-B84E-C950E4B63343}.Debug|Any CPU.ActiveCfg = Debug|Any CPU
		{2253BC3A-C1D3-4730-B84E-C950E4B63343}.Debug|Any CPU.Build.0 = Debug|Any CPU
		{2253BC3A-C1D3-4730-B84E-C950E4B63343}.Release|Any CPU.ActiveCfg = Release|Any CPU
		{2253BC3A-C1D3-4730-B84E-C950E4B63343}.Release|Any CPU.Build.0 = Release|Any CPU
		{235F7202-09A4-4F02-A7E3-FE5D559EC4E6}.Debug|Any CPU.ActiveCfg = Debug|Any CPU
		{235F7202-09A4-4F02-A7E3-FE5D559EC4E6}.Debug|Any CPU.Build.0 = Debug|Any CPU
		{235F7202-09A4-4F02-A7E3-FE5D559EC4E6}.Release|Any CPU.ActiveCfg = Release|Any CPU
		{235F7202-09A4-4F02-A7E3-FE5D559EC4E6}.Release|Any CPU.Build.0 = Release|Any CPU
		{518F8424-694C-4FDE-9D6B-B3797A5F8F93}.Debug|Any CPU.ActiveCfg = Debug|Any CPU
		{518F8424-694C-4FDE-9D6B-B3797A5F8F93}.Debug|Any CPU.Build.0 = Debug|Any CPU
		{518F8424-694C-4FDE-9D6B-B3797A5F8F93}.Release|Any CPU.ActiveCfg = Release|Any CPU
		{518F8424-694C-4FDE-9D6B-B3797A5F8F93}.Release|Any CPU.Build.0 = Release|Any CPU
		{EAC7EAEA-889E-4BFD-843C-824C2F6D1C1D}.Debug|Any CPU.ActiveCfg = Debug|Any CPU
		{EAC7EAEA-889E-4BFD-843C-824C2F6D1C1D}.Debug|Any CPU.Build.0 = Debug|Any CPU
		{EAC7EAEA-889E-4BFD-843C-824C2F6D1C1D}.Release|Any CPU.ActiveCfg = Release|Any CPU
		{EAC7EAEA-889E-4BFD-843C-824C2F6D1C1D}.Release|Any CPU.Build.0 = Release|Any CPU
		{83070493-F4F8-4C58-B8FF-F6A74F9AF3CE}.Debug|Any CPU.ActiveCfg = Debug|Any CPU
		{83070493-F4F8-4C58-B8FF-F6A74F9AF3CE}.Debug|Any CPU.Build.0 = Debug|Any CPU
		{83070493-F4F8-4C58-B8FF-F6A74F9AF3CE}.Release|Any CPU.ActiveCfg = Release|Any CPU
		{83070493-F4F8-4C58-B8FF-F6A74F9AF3CE}.Release|Any CPU.Build.0 = Release|Any CPU
		{D66069EA-C163-4F50-A0F5-3050329028DF}.Debug|Any CPU.ActiveCfg = Debug|Any CPU
		{D66069EA-C163-4F50-A0F5-3050329028DF}.Debug|Any CPU.Build.0 = Debug|Any CPU
		{D66069EA-C163-4F50-A0F5-3050329028DF}.Release|Any CPU.ActiveCfg = Release|Any CPU
		{D66069EA-C163-4F50-A0F5-3050329028DF}.Release|Any CPU.Build.0 = Release|Any CPU
		{225CDC25-D02F-4749-BF8E-76E2EAA86618}.Debug|Any CPU.ActiveCfg = Debug|Any CPU
		{225CDC25-D02F-4749-BF8E-76E2EAA86618}.Debug|Any CPU.Build.0 = Debug|Any CPU
		{225CDC25-D02F-4749-BF8E-76E2EAA86618}.Release|Any CPU.ActiveCfg = Release|Any CPU
		{225CDC25-D02F-4749-BF8E-76E2EAA86618}.Release|Any CPU.Build.0 = Release|Any CPU
		{364D41AE-D488-4198-9053-D40EAE17F032}.Debug|Any CPU.ActiveCfg = Debug|Any CPU
		{364D41AE-D488-4198-9053-D40EAE17F032}.Debug|Any CPU.Build.0 = Debug|Any CPU
		{364D41AE-D488-4198-9053-D40EAE17F032}.Release|Any CPU.ActiveCfg = Release|Any CPU
		{364D41AE-D488-4198-9053-D40EAE17F032}.Release|Any CPU.Build.0 = Release|Any CPU
		{53C1B8D4-D0CA-4A43-8F58-98B0E44A5534}.Debug|Any CPU.ActiveCfg = Debug|Any CPU
		{53C1B8D4-D0CA-4A43-8F58-98B0E44A5534}.Debug|Any CPU.Build.0 = Debug|Any CPU
		{53C1B8D4-D0CA-4A43-8F58-98B0E44A5534}.Release|Any CPU.ActiveCfg = Release|Any CPU
		{53C1B8D4-D0CA-4A43-8F58-98B0E44A5534}.Release|Any CPU.Build.0 = Release|Any CPU
		{CAD3E93C-D061-48F8-AC2C-6E82EE5AE344}.Debug|Any CPU.ActiveCfg = Debug|Any CPU
		{CAD3E93C-D061-48F8-AC2C-6E82EE5AE344}.Debug|Any CPU.Build.0 = Debug|Any CPU
		{CAD3E93C-D061-48F8-AC2C-6E82EE5AE344}.Release|Any CPU.ActiveCfg = Release|Any CPU
		{CAD3E93C-D061-48F8-AC2C-6E82EE5AE344}.Release|Any CPU.Build.0 = Release|Any CPU
		{DE4AF4F5-F9DB-46E2-B52B-5C254D2BC995}.Debug|Any CPU.ActiveCfg = Debug|Any CPU
		{DE4AF4F5-F9DB-46E2-B52B-5C254D2BC995}.Debug|Any CPU.Build.0 = Debug|Any CPU
		{DE4AF4F5-F9DB-46E2-B52B-5C254D2BC995}.Release|Any CPU.ActiveCfg = Release|Any CPU
		{DE4AF4F5-F9DB-46E2-B52B-5C254D2BC995}.Release|Any CPU.Build.0 = Release|Any CPU
		{C0CAD5FD-EBE2-4C36-BF81-8DE158D7A84B}.Debug|Any CPU.ActiveCfg = Debug|Any CPU
		{C0CAD5FD-EBE2-4C36-BF81-8DE158D7A84B}.Debug|Any CPU.Build.0 = Debug|Any CPU
		{C0CAD5FD-EBE2-4C36-BF81-8DE158D7A84B}.Release|Any CPU.ActiveCfg = Release|Any CPU
		{C0CAD5FD-EBE2-4C36-BF81-8DE158D7A84B}.Release|Any CPU.Build.0 = Release|Any CPU
		{0510C428-4C64-48D3-B881-57373C3D9C17}.Debug|Any CPU.ActiveCfg = Debug|Any CPU
		{0510C428-4C64-48D3-B881-57373C3D9C17}.Debug|Any CPU.Build.0 = Debug|Any CPU
		{0510C428-4C64-48D3-B881-57373C3D9C17}.Release|Any CPU.ActiveCfg = Release|Any CPU
		{0510C428-4C64-48D3-B881-57373C3D9C17}.Release|Any CPU.Build.0 = Release|Any CPU
		{EEEDB54A-025E-41C8-8918-8265CCBE9A32}.Debug|Any CPU.ActiveCfg = Debug|Any CPU
		{EEEDB54A-025E-41C8-8918-8265CCBE9A32}.Debug|Any CPU.Build.0 = Debug|Any CPU
		{EEEDB54A-025E-41C8-8918-8265CCBE9A32}.Release|Any CPU.ActiveCfg = Release|Any CPU
		{EEEDB54A-025E-41C8-8918-8265CCBE9A32}.Release|Any CPU.Build.0 = Release|Any CPU
		{AE917B42-5FDD-45B6-991B-8FF55017BB5D}.Debug|Any CPU.ActiveCfg = Debug|Any CPU
		{AE917B42-5FDD-45B6-991B-8FF55017BB5D}.Debug|Any CPU.Build.0 = Debug|Any CPU
		{AE917B42-5FDD-45B6-991B-8FF55017BB5D}.Release|Any CPU.ActiveCfg = Release|Any CPU
		{AE917B42-5FDD-45B6-991B-8FF55017BB5D}.Release|Any CPU.Build.0 = Release|Any CPU
		{F6AE4DA0-7890-444E-BDF6-2B8FC8430D5D}.Debug|Any CPU.ActiveCfg = Debug|Any CPU
		{F6AE4DA0-7890-444E-BDF6-2B8FC8430D5D}.Debug|Any CPU.Build.0 = Debug|Any CPU
		{F6AE4DA0-7890-444E-BDF6-2B8FC8430D5D}.Release|Any CPU.ActiveCfg = Release|Any CPU
		{F6AE4DA0-7890-444E-BDF6-2B8FC8430D5D}.Release|Any CPU.Build.0 = Release|Any CPU
		{83957428-375F-4F1F-B087-B6064F547825}.Debug|Any CPU.ActiveCfg = Debug|Any CPU
		{83957428-375F-4F1F-B087-B6064F547825}.Debug|Any CPU.Build.0 = Debug|Any CPU
		{83957428-375F-4F1F-B087-B6064F547825}.Release|Any CPU.ActiveCfg = Release|Any CPU
		{83957428-375F-4F1F-B087-B6064F547825}.Release|Any CPU.Build.0 = Release|Any CPU
		{7EE2A35F-157D-4657-BEB8-2EA6C7E42D3C}.Debug|Any CPU.ActiveCfg = Debug|Any CPU
		{7EE2A35F-157D-4657-BEB8-2EA6C7E42D3C}.Debug|Any CPU.Build.0 = Debug|Any CPU
		{7EE2A35F-157D-4657-BEB8-2EA6C7E42D3C}.Release|Any CPU.ActiveCfg = Release|Any CPU
		{7EE2A35F-157D-4657-BEB8-2EA6C7E42D3C}.Release|Any CPU.Build.0 = Release|Any CPU
	EndGlobalSection
	GlobalSection(SolutionProperties) = preSolution
		HideSolutionNode = FALSE
	EndGlobalSection
	GlobalSection(NestedProjects) = preSolution
		{2253BC3A-C1D3-4730-B84E-C950E4B63343} = {D580A81A-4C26-436D-8D88-6C3BA8E04EAC}
		{518F8424-694C-4FDE-9D6B-B3797A5F8F93} = {D580A81A-4C26-436D-8D88-6C3BA8E04EAC}
		{EAC7EAEA-889E-4BFD-843C-824C2F6D1C1D} = {D580A81A-4C26-436D-8D88-6C3BA8E04EAC}
		{83070493-F4F8-4C58-B8FF-F6A74F9AF3CE} = {D580A81A-4C26-436D-8D88-6C3BA8E04EAC}
		{D66069EA-C163-4F50-A0F5-3050329028DF} = {D580A81A-4C26-436D-8D88-6C3BA8E04EAC}
		{225CDC25-D02F-4749-BF8E-76E2EAA86618} = {60FDFF94-D62E-4F25-B92A-B259D83F41D1}
		{60FDFF94-D62E-4F25-B92A-B259D83F41D1} = {D580A81A-4C26-436D-8D88-6C3BA8E04EAC}
		{364D41AE-D488-4198-9053-D40EAE17F032} = {60FDFF94-D62E-4F25-B92A-B259D83F41D1}
		{53C1B8D4-D0CA-4A43-8F58-98B0E44A5534} = {60FDFF94-D62E-4F25-B92A-B259D83F41D1}
		{CAD3E93C-D061-48F8-AC2C-6E82EE5AE344} = {60FDFF94-D62E-4F25-B92A-B259D83F41D1}
		{DE4AF4F5-F9DB-46E2-B52B-5C254D2BC995} = {60FDFF94-D62E-4F25-B92A-B259D83F41D1}
		{C0CAD5FD-EBE2-4C36-BF81-8DE158D7A84B} = {60FDFF94-D62E-4F25-B92A-B259D83F41D1}
		{0510C428-4C64-48D3-B881-57373C3D9C17} = {60FDFF94-D62E-4F25-B92A-B259D83F41D1}
	EndGlobalSection
	GlobalSection(ExtensibilityGlobals) = postSolution
		SolutionGuid = {E6E73732-70D2-4ABB-8E35-930BB5B06798}
	EndGlobalSection
EndGlobal
